{
  "name": "@terradharitri/sdk-extension-provider",
  "version": "4.0.0",
  "lockfileVersion": 2,
  "requires": true,
  "packages": {
    "": {
      "name": "@terradharitri/sdk-extension-provider",
      "version": "4.0.0",
      "license": "GPL-3.0-or-later",
      "devDependencies": {
        "@terradharitri/sdk-core": "/home/dharitri/github-repos/js-repos/js_team_repos/repos_docs/level2/drt-js-sdk-core/drt-js-sdk-core-13.5.0",
        "@types/node": "17.0.23",
        "typescript": "5.5.4"
      },
      "peerDependencies": {
        "@terradharitri/sdk-core": "/home/dharitri/github-repos/js-repos/js_team_repos/repos_docs/level2/drt-js-sdk-core/drt-js-sdk-core-13.5.0"
      }
    },
    "../../../../../../../../../../../dharitri/github-repos/js-repos/js_team_repos/repos_docs/level2/drt-js-sdk-core/drt-js-sdk-core-13.5.0": {
      "dev": true
    },
    "node_modules/@terradharitri/sdk-core": {
      "resolved": "../../../../../../../../../../../dharitri/github-repos/js-repos/js_team_repos/repos_docs/level2/drt-js-sdk-core/drt-js-sdk-core-13.5.0",
      "link": true
    },
    "node_modules/@types/node": {
      "version": "17.0.23",
      "resolved": "https://registry.npmjs.org/@types/node/-/node-17.0.23.tgz",
      "integrity": "sha512-UxDxWn7dl97rKVeVS61vErvw086aCYhDLyvRQZ5Rk65rZKepaFdm53GeqXaKBuOhED4e9uWq34IC3TdSdJJ2Gw==",
      "dev": true
    },
    "node_modules/typescript": {
      "version": "5.5.4",
      "resolved": "https://registry.npmjs.org/typescript/-/typescript-5.5.4.tgz",
      "integrity": "sha512-Mtq29sKDAEYP7aljRgtPOpTvOfbwRWlS6dPRzwjdE+C0R4brX/GUyhHSecbHMFLNBLcJIPt9nl9yG5TZ1weH+Q==",
      "dev": true,
      "bin": {
        "tsc": "bin/tsc",
        "tsserver": "bin/tsserver"
      },
      "engines": {
        "node": ">=14.17"
      }
    }
  },
  "dependencies": {
    "@terradharitri/sdk-core": {
      "version": "file:../../../../../../../../../../../dharitri/github-repos/js-repos/js_team_repos/repos_docs/level2/drt-js-sdk-core/drt-js-sdk-core-13.5.0"
    },
    "@types/node": {
      "version": "17.0.23",
      "resolved": "https://registry.npmjs.org/@types/node/-/node-17.0.23.tgz",
      "integrity": "sha512-UxDxWn7dl97rKVeVS61vErvw086aCYhDLyvRQZ5Rk65rZKepaFdm53GeqXaKBuOhED4e9uWq34IC3TdSdJJ2Gw==",
      "dev": true
    },
    "typescript": {
      "version": "5.5.4",
      "resolved": "https://registry.npmjs.org/typescript/-/typescript-5.5.4.tgz",
      "integrity": "sha512-Mtq29sKDAEYP7aljRgtPOpTvOfbwRWlS6dPRzwjdE+C0R4brX/GUyhHSecbHMFLNBLcJIPt9nl9yG5TZ1weH+Q==",
      "dev": true
    }
  }
}
