{
  "name": "@terradharitri/sdk-wallet-cli",
  "version": "2.1.0",
  "lockfileVersion": 2,
  "requires": true,
  "packages": {
    "": {
      "name": "@terradharitri/sdk-wallet-cli",
      "version": "2.1.0",
      "license": "MIT",
      "dependencies": {
        "@terradharitri/sdk-core": "/home/dugong/Documents/js_team_repos-main/repos_docs/level2/drt-js-sdk-core/drt-js-sdk-core-11.2.0",
        "@terradharitri/sdk-transaction-decoder": "/home/dugong/Documents/js_team_repos-main/repos_docs/level1/drt-js-sdk-transaction-decoder/drt-js-sdk-transaction-decoder-1.0.2",
        "@terradharitri/sdk-wallet": "/home/dugong/Documents/js_team_repos-main/repos_docs/level2/drt-js-sdk-wallet/drt-js-sdk-wallet-2.1.2",
        "commander": "9.0.0"
      },
      "bin": {
        "drtjs-wallet": "index.js"
      }
    },
    "../../js_team_repos-main/repos_docs/level1/drt-js-sdk-transaction-decoder/drt-js-sdk-transaction-decoder-1.0.2": {
      "name": "@terradharitri/sdk-transaction-decoder",
      "version": "1.0.2",
      "license": "MIT",
      "dependencies": {
        "bech32": "^2.0.0"
      },
      "devDependencies": {
        "@babel/core": "^7.17.8",
        "@babel/preset-env": "^7.16.11",
        "@babel/preset-typescript": "^7.16.7",
        "@types/jest": "^27.4.1",
        "@types/node": "^16.11.10",
        "@typescript-eslint/eslint-plugin": "^5.12.0",
        "@typescript-eslint/parser": "^5.16.0",
        "babel-jest": "^27.5.1",
        "eslint": "^8.9.0",
        "jest": "^27.5.1",
        "typescript": "^4.3.5"
      }
    },
    "../../js_team_repos-main/repos_docs/level2/drt-js-sdk-core/drt-js-sdk-core-11.2.0": {
      "name": "@terradharitri/sdk-core",
      "version": "11.2.0",
      "license": "MIT",
      "dependencies": {
        "@terradharitri/sdk-transaction-decoder": "/home/dugong/Documents/js_team_repos-main/repos_docs/level1/drt-js-sdk-transaction-decoder/drt-js-sdk-transaction-decoder-1.0.2",
        "bech32": "1.1.4",
        "bignumber.js": "9.0.1",
        "blake2b": "2.1.3",
        "buffer": "6.0.3",
        "json-duplicate-key-handle": "1.0.0",
        "keccak": "3.0.2",
        "protobufjs": "6.11.3"
      },
      "devDependencies": {
        "@terradharitri/sdk-network-providers": "/home/dugong/Documents/js_team_repos-main/repos_docs/level1/drt-js-sdk-network-providers/drt-js-sdk-network-providers-1.4.0",
        "@terradharitri/sdk-wallet": "/home/dugong/Documents/js_team_repos-main/repos_docs/level2/drt-js-sdk-wallet/drt-js-sdk-wallet-2.1.0",
        "@types/assert": "1.4.6",
        "@types/chai": "4.2.11",
        "@types/mocha": "9.1.0",
        "@types/node": "13.13.2",
        "@types/protobufjs": "6.0.0",
        "assert": "2.0.0",
        "axios": "0.24.0",
        "browserify": "17.0.0",
        "chai": "4.2.0",
        "esmify": "2.1.1",
        "mocha": "9.2.2",
        "ts-node": "9.1.1",
        "tslint": "6.1.3",
        "typedoc": "0.22.13",
        "typescript": "4.1.2"
      }
    },
    "../../js_team_repos-main/repos_docs/level2/drt-js-sdk-wallet/drt-js-sdk-wallet-2.1.2": {
      "name": "@terradharitri/sdk-wallet",
      "version": "2.1.2",
      "license": "MIT",
      "dependencies": {
        "@terradharitri/sdk-bls-wasm": "/home/dugong/Documents/js_team_repos-main/repos_docs/level1/bls-wasm/bls-wasm-0.3.5",
        "bech32": "1.1.4",
        "bip39": "3.0.2",
        "blake2b": "2.1.3",
        "ed25519-hd-key": "1.1.2",
        "ed2curve": "0.3.0",
        "keccak": "3.0.1",
        "scryptsy": "2.1.0",
        "tweetnacl": "1.0.3",
        "uuid": "8.3.2"
      },
      "devDependencies": {
        "@types/assert": "1.4.6",
        "@types/chai": "4.2.11",
        "@types/ed2curve": "0.2.2",
        "@types/mocha": "9.1.0",
        "@types/node": "13.13.2",
        "@types/scryptsy": "2.0.0",
        "@types/uuid": "8.3.0",
        "assert": "2.0.0",
        "axios": "0.26.1",
        "babelify": "10.0.0",
        "browserify": "17.0.0",
        "buffer": "6.0.3",
        "chai": "4.2.0",
        "esmify": "2.1.1",
        "mocha": "9.2.2",
        "ts-node": "9.1.1",
        "tslint": "6.1.3",
        "typescript": "4.1.2"
      }
    },
    "node_modules/@terradharitri/sdk-core": {
      "resolved": "../../js_team_repos-main/repos_docs/level2/drt-js-sdk-core/drt-js-sdk-core-11.2.0",
      "link": true
    },
    "node_modules/@terradharitri/sdk-transaction-decoder": {
      "resolved": "../../js_team_repos-main/repos_docs/level1/drt-js-sdk-transaction-decoder/drt-js-sdk-transaction-decoder-1.0.2",
      "link": true
    },
    "node_modules/@terradharitri/sdk-wallet": {
      "resolved": "../../js_team_repos-main/repos_docs/level2/drt-js-sdk-wallet/drt-js-sdk-wallet-2.1.2",
      "link": true
    },
    "node_modules/commander": {
      "version": "9.0.0",
      "resolved": "https://registry.npmjs.org/commander/-/commander-9.0.0.tgz",
      "integrity": "sha512-JJfP2saEKbQqvW+FI93OYUB4ByV5cizMpFMiiJI8xDbBvQvSkIk0VvQdn1CZ8mqAO8Loq2h0gYTYtDFUZUeERw==",
      "engines": {
        "node": "^12.20.0 || >=14"
      }
    }
  },
  "dependencies": {
    "@terradharitri/sdk-core": {
      "version": "file:../../js_team_repos-main/repos_docs/level2/drt-js-sdk-core/drt-js-sdk-core-11.2.0",
      "requires": {
        "@terradharitri/sdk-network-providers": "/home/dugong/Documents/js_team_repos-main/repos_docs/level1/drt-js-sdk-network-providers/drt-js-sdk-network-providers-1.4.0",
        "@terradharitri/sdk-transaction-decoder": "/home/dugong/Documents/js_team_repos-main/repos_docs/level1/drt-js-sdk-transaction-decoder/drt-js-sdk-transaction-decoder-1.0.2",
        "@terradharitri/sdk-wallet": "/home/dugong/Documents/js_team_repos-main/repos_docs/level2/drt-js-sdk-wallet/drt-js-sdk-wallet-2.1.0",
        "@types/assert": "1.4.6",
        "@types/chai": "4.2.11",
        "@types/mocha": "9.1.0",
        "@types/node": "13.13.2",
        "@types/protobufjs": "6.0.0",
        "assert": "2.0.0",
        "axios": "0.24.0",
        "bech32": "1.1.4",
        "bignumber.js": "9.0.1",
        "blake2b": "2.1.3",
        "browserify": "17.0.0",
        "buffer": "6.0.3",
        "chai": "4.2.0",
        "esmify": "2.1.1",
        "json-duplicate-key-handle": "1.0.0",
        "keccak": "3.0.2",
        "mocha": "9.2.2",
        "protobufjs": "6.11.3",
        "ts-node": "9.1.1",
        "tslint": "6.1.3",
        "typedoc": "0.22.13",
        "typescript": "4.1.2"
      }
    },
    "@terradharitri/sdk-transaction-decoder": {
      "version": "file:../../js_team_repos-main/repos_docs/level1/drt-js-sdk-transaction-decoder/drt-js-sdk-transaction-decoder-1.0.2",
      "requires": {
        "@babel/core": "^7.17.8",
        "@babel/preset-env": "^7.16.11",
        "@babel/preset-typescript": "^7.16.7",
        "@types/jest": "^27.4.1",
        "@types/node": "^16.11.10",
        "@typescript-eslint/eslint-plugin": "^5.12.0",
        "@typescript-eslint/parser": "^5.16.0",
        "babel-jest": "^27.5.1",
        "bech32": "^2.0.0",
        "eslint": "^8.9.0",
        "jest": "^27.5.1",
        "typescript": "^4.3.5"
      }
    },
    "@terradharitri/sdk-wallet": {
      "version": "file:../../js_team_repos-main/repos_docs/level2/drt-js-sdk-wallet/drt-js-sdk-wallet-2.1.2",
      "requires": {
        "@terradharitri/sdk-bls-wasm": "/home/dugong/Documents/js_team_repos-main/repos_docs/level1/bls-wasm/bls-wasm-0.3.5",
        "@types/assert": "1.4.6",
        "@types/chai": "4.2.11",
        "@types/ed2curve": "0.2.2",
        "@types/mocha": "9.1.0",
        "@types/node": "13.13.2",
        "@types/scryptsy": "2.0.0",
        "@types/uuid": "8.3.0",
        "assert": "2.0.0",
        "axios": "0.26.1",
        "babelify": "10.0.0",
        "bech32": "1.1.4",
        "bip39": "3.0.2",
        "blake2b": "2.1.3",
        "browserify": "17.0.0",
        "buffer": "6.0.3",
        "chai": "4.2.0",
        "ed25519-hd-key": "1.1.2",
        "ed2curve": "0.3.0",
        "esmify": "2.1.1",
        "keccak": "3.0.1",
        "mocha": "9.2.2",
        "scryptsy": "2.1.0",
        "ts-node": "9.1.1",
        "tslint": "6.1.3",
        "tweetnacl": "1.0.3",
        "typescript": "4.1.2",
        "uuid": "8.3.2"
      }
    },
    "commander": {
      "version": "9.0.0",
      "resolved": "https://registry.npmjs.org/commander/-/commander-9.0.0.tgz",
      "integrity": "sha512-JJfP2saEKbQqvW+FI93OYUB4ByV5cizMpFMiiJI8xDbBvQvSkIk0VvQdn1CZ8mqAO8Loq2h0gYTYtDFUZUeERw=="
    }
  }
}
